<Solution>
  <Project Path="MusicTransitionDesigner.Authoring.csproj" />
  <Project Path="MusicTransitionDesigner.Editor.csproj" />
  <Project Path="MusicTransitionDesigner.Runtime.csproj" />
  <Project Path="MusicTransitionDesigner.Samples.csproj" />
  <Project Path="Assembly-CSharp.csproj" />
  <Project Path="Assembly-CSharp-Editor.csproj" />
</Solution>
